
Microsoft Visual Studio Solution File, Format Version 12.00
# Visual Studio Version 16
VisualStudioVersion = 25.0.1706.1
MinimumVisualStudioVersion = 10.0.40219.1
Project("{FAE04EC0-301F-11D3-BF4B-00C04F79EFBC}") = "RankingItems", "RankingItems\RankingItems.csproj", "{0DC410C5-4E83-4CE1-8BD4-11106F3C845C}"
EndProject
Global
	GlobalSection(SolutionConfigurationPlatforms) = preSolution
		Debug|Any CPU = Debug|Any CPU
		Release|Any CPU = Release|Any CPU
	EndGlobalSection
	GlobalSection(ProjectConfigurationPlatforms) = postSolution
		{0DC410C5-4E83-4CE1-8BD4-11106F3C845C}.Debug|Any CPU.ActiveCfg = Debug|Any CPU
		{0DC410C5-4E83-4CE1-8BD4-11106F3C845C}.Debug|Any CPU.Build.0 = Debug|Any CPU
		{0DC410C5-4E83-4CE1-8BD4-11106F3C845C}.Release|Any CPU.ActiveCfg = Release|Any CPU
		{0DC410C5-4E83-4CE1-8BD4-11106F3C845C}.Release|Any CPU.Build.0 = Release|Any CPU
	EndGlobalSection
	GlobalSection(SolutionProperties) = preSolution
		HideSolutionNode = FALSE
	EndGlobalSection
	GlobalSection(ExtensibilityGlobals) = postSolution
		SolutionGuid = {A1063BFA-D139-4E34-A1C0-CBED75FF65CD}
	EndGlobalSection
EndGlobal
